
Microsoft Visual Studio Solution File, Format Version 12.00
# Visual Studio Version 17
VisualStudioVersion = 17.14.36414.22 d17.14
MinimumVisualStudioVersion = 10.0.40219.1
Project("{FAE04EC0-301F-11D3-BF4B-00C04F79EFBC}") = "FFXIV_AutoChat", "FFXIV_AutoChat\FFXIV_AutoChat.csproj", "{56A52A22-F122-45C1-8723-61BC6118B588}"
EndProject
Global
	GlobalSection(SolutionConfigurationPlatforms) = preSolution
		Debug|Any CPU = Debug|Any CPU
		Release|Any CPU = Release|Any CPU
	EndGlobalSection
	GlobalSection(ProjectConfigurationPlatforms) = postSolution
		{56A52A22-F122-45C1-8723-61BC6118B588}.Debug|Any CPU.ActiveCfg = Debug|Any CPU
		{56A52A22-F122-45C1-8723-61BC6118B588}.Debug|Any CPU.Build.0 = Debug|Any CPU
		{56A52A22-F122-45C1-8723-61BC6118B588}.Release|Any CPU.ActiveCfg = Release|Any CPU
		{56A52A22-F122-45C1-8723-61BC6118B588}.Release|Any CPU.Build.0 = Release|Any CPU
	EndGlobalSection
	GlobalSection(SolutionProperties) = preSolution
		HideSolutionNode = FALSE
	EndGlobalSection
	GlobalSection(ExtensibilityGlobals) = postSolution
		SolutionGuid = {CEDDCCCE-E9E8-4BBB-B690-F4B244184117}
	EndGlobalSection
EndGlobal
