
Microsoft Visual Studio Solution File, Format Version 12.00
# Visual Studio Version 17
VisualStudioVersion = 17.14.36414.22
MinimumVisualStudioVersion = 10.0.40219.1
Project("{FAE04EC0-301F-11D3-BF4B-00C04F79EFBC}") = "FFXIV_AutoChat", "FFXIV_AutoChat\FFXIV_AutoChat.csproj", "{B5705C66-6D2A-F4F3-A1C7-A37D586F3F58}"
EndProject
Global
	GlobalSection(SolutionConfigurationPlatforms) = preSolution
		Debug|x64 = Debug|x64
		Release|x64 = Release|x64
	EndGlobalSection
	GlobalSection(ProjectConfigurationPlatforms) = postSolution
		{B5705C66-6D2A-F4F3-A1C7-A37D586F3F58}.Debug|x64.ActiveCfg = Release|x64
		{B5705C66-6D2A-F4F3-A1C7-A37D586F3F58}.Debug|x64.Build.0 = Release|x64
		{B5705C66-6D2A-F4F3-A1C7-A37D586F3F58}.Release|x64.ActiveCfg = Release|x64
		{B5705C66-6D2A-F4F3-A1C7-A37D586F3F58}.Release|x64.Build.0 = Release|x64
	EndGlobalSection
	GlobalSection(SolutionProperties) = preSolution
		HideSolutionNode = FALSE
	EndGlobalSection
	GlobalSection(ExtensibilityGlobals) = postSolution
		SolutionGuid = {CEDDCCCE-E9E8-4BBB-B690-F4B244184117}
	EndGlobalSection
EndGlobal
